{
    "version": 3,
    "terraform_version": "0.11.14",
    "serial": 32,
    "lineage": "292e6368-8791-fe74-38bb-c99bd260ee49",
    "modules": [
        {
            "path": [
                "root"
            ],
            "outputs": {},
            "resources": {
                "google_compute_network.swarm": {
                    "type": "google_compute_network",
                    "depends_on": [],
                    "primary": {
                        "id": "swarm-network",
                        "attributes": {
                            "auto_create_subnetworks": "true",
                            "delete_default_routes_on_create": "false",
                            "description": "",
                            "gateway_ipv4": "",
                            "id": "swarm-network",
                            "ipv4_range": "",
                            "name": "swarm-network",
                            "project": "devops-242412",
                            "routing_mode": "REGIONAL",
                            "self_link": "https://www.googleapis.com/compute/v1/projects/devops-242412/global/networks/swarm-network"
                        },
                        "meta": {
                            "e2bfb730-ecaa-11e6-8f88-34363bc7c4c0": {
                                "create": 240000000000,
                                "delete": 240000000000,
                                "update": 240000000000
                            }
                        },
                        "tainted": false
                    },
                    "deposed": [],
                    "provider": "provider.google"
                }
            },
            "depends_on": []
        }
    ]
}
